
Microsoft Visual Studio Solution File, Format Version 12.00
# Visual Studio Version 16
VisualStudioVersion = 16.0.30309.148
MinimumVisualStudioVersion = 10.0.40219.1
Project("{FAE04EC0-301F-11D3-BF4B-00C04F79EFBC}") = "NotificationPatterneNetCoreSample", "NotificationPatterneNetCoreSample\NotificationPatterneNetCoreSample.csproj", "{0FD1D63A-961C-4150-AE7A-54BC9050789D}"
EndProject
Global
	GlobalSection(SolutionConfigurationPlatforms) = preSolution
		Debug|Any CPU = Debug|Any CPU
		Release|Any CPU = Release|Any CPU
	EndGlobalSection
	GlobalSection(ProjectConfigurationPlatforms) = postSolution
		{0FD1D63A-961C-4150-AE7A-54BC9050789D}.Debug|Any CPU.ActiveCfg = Debug|Any CPU
		{0FD1D63A-961C-4150-AE7A-54BC9050789D}.Debug|Any CPU.Build.0 = Debug|Any CPU
		{0FD1D63A-961C-4150-AE7A-54BC9050789D}.Release|Any CPU.ActiveCfg = Release|Any CPU
		{0FD1D63A-961C-4150-AE7A-54BC9050789D}.Release|Any CPU.Build.0 = Release|Any CPU
	EndGlobalSection
	GlobalSection(SolutionProperties) = preSolution
		HideSolutionNode = FALSE
	EndGlobalSection
	GlobalSection(ExtensibilityGlobals) = postSolution
		SolutionGuid = {970C3BB4-9F6F-4440-BFF3-8D14DBF3215D}
	EndGlobalSection
EndGlobal
